
Microsoft Visual Studio Solution File, Format Version 12.00
# 
Project("{FAE04EC0-301F-11D3-BF4B-00C04F79EFBC}") = "Aoc2024-Day01", "Aoc2024-Day01\Aoc2024-Day01.csproj", "{F1E119EA-782B-4D13-A6AB-772E40DC65FF}"
EndProject
Project("{FAE04EC0-301F-11D3-BF4B-00C04F79EFBC}") = "Aoc2024-Day02", "Aoc2024-Day02\Aoc2024-Day02.csproj", "{FA33248F-BE2A-438A-8206-EA4CB63F1540}"
EndProject
Project("{FAE04EC0-301F-11D3-BF4B-00C04F79EFBC}") = "Aoc2024-Day03", "Aoc2024-Day03\Aoc2024-Day03.csproj", "{BEE686DF-7715-4999-B144-54B1BC3424D2}"
EndProject
Project("{FAE04EC0-301F-11D3-BF4B-00C04F79EFBC}") = "Aoc2024-Day04", "Aoc2024-Day04\Aoc2024-Day04.csproj", "{C0D80AAD-1AAB-439A-9E93-DDEE8E518E23}"
EndProject
Project("{FAE04EC0-301F-11D3-BF4B-00C04F79EFBC}") = "Aoc2024-Day05", "Aoc2024-Day05\Aoc2024-Day05.csproj", "{2A2E6658-9FCA-4765-BB51-F037F43A51E4}"
EndProject
Project("{FAE04EC0-301F-11D3-BF4B-00C04F79EFBC}") = "Aoc2024-Day06", "Aoc2024-Day06\Aoc2024-Day06.csproj", "{CE5ACA0F-3A37-4A16-BA0A-23BA08981FBD}"
EndProject
Project("{FAE04EC0-301F-11D3-BF4B-00C04F79EFBC}") = "Aoc2024-Day07", "Aoc2024-Day07\Aoc2024-Day07.csproj", "{21B346A9-DB4A-4C8A-8603-F419775360CD}"
EndProject
Project("{FAE04EC0-301F-11D3-BF4B-00C04F79EFBC}") = "Aoc2024-Day08", "Aoc2024-Day08\Aoc2024-Day08.csproj", "{24D7C568-5DCB-4E25-845F-3CD95FDDBE07}"
EndProject
Project("{FAE04EC0-301F-11D3-BF4B-00C04F79EFBC}") = "Aoc2024-Day09", "Aoc2024-Day09\Aoc2024-Day09.csproj", "{EB3F1BE6-7CD6-4E36-88EA-E55436FF58D2}"
EndProject
Project("{FAE04EC0-301F-11D3-BF4B-00C04F79EFBC}") = "Aoc2024-Day10", "Aoc2024-Day10\Aoc2024-Day10.csproj", "{7359620A-79B4-43AC-A3F9-50B194BBC93B}"
EndProject
Project("{FAE04EC0-301F-11D3-BF4B-00C04F79EFBC}") = "Aoc2024-Day11", "Aoc2024-Day11\Aoc2024-Day11.csproj", "{CDBC7943-5C65-4411-A5FD-E0B551B36C4A}"
EndProject
Project("{FAE04EC0-301F-11D3-BF4B-00C04F79EFBC}") = "Aoc2024-Day12", "Aoc2024-Day12\Aoc2024-Day12.csproj", "{EA1C2F4B-C475-4B08-B0E4-9C7A1683E555}"
EndProject
Project("{FAE04EC0-301F-11D3-BF4B-00C04F79EFBC}") = "Aoc2024-Day13", "Aoc2024-Day13\Aoc2024-Day13.csproj", "{A4227FDF-3741-44A0-B410-B72B363364C7}"
EndProject
Global
	GlobalSection(SolutionConfigurationPlatforms) = preSolution
		Debug|Any CPU = Debug|Any CPU
		Release|Any CPU = Release|Any CPU
	EndGlobalSection
	GlobalSection(ProjectConfigurationPlatforms) = postSolution
		{F1E119EA-782B-4D13-A6AB-772E40DC65FF}.Debug|Any CPU.ActiveCfg = Debug|Any CPU
		{F1E119EA-782B-4D13-A6AB-772E40DC65FF}.Debug|Any CPU.Build.0 = Debug|Any CPU
		{F1E119EA-782B-4D13-A6AB-772E40DC65FF}.Release|Any CPU.ActiveCfg = Release|Any CPU
		{F1E119EA-782B-4D13-A6AB-772E40DC65FF}.Release|Any CPU.Build.0 = Release|Any CPU
		{FA33248F-BE2A-438A-8206-EA4CB63F1540}.Debug|Any CPU.ActiveCfg = Debug|Any CPU
		{FA33248F-BE2A-438A-8206-EA4CB63F1540}.Debug|Any CPU.Build.0 = Debug|Any CPU
		{FA33248F-BE2A-438A-8206-EA4CB63F1540}.Release|Any CPU.ActiveCfg = Release|Any CPU
		{FA33248F-BE2A-438A-8206-EA4CB63F1540}.Release|Any CPU.Build.0 = Release|Any CPU
		{BEE686DF-7715-4999-B144-54B1BC3424D2}.Debug|Any CPU.ActiveCfg = Debug|Any CPU
		{BEE686DF-7715-4999-B144-54B1BC3424D2}.Debug|Any CPU.Build.0 = Debug|Any CPU
		{BEE686DF-7715-4999-B144-54B1BC3424D2}.Release|Any CPU.ActiveCfg = Release|Any CPU
		{BEE686DF-7715-4999-B144-54B1BC3424D2}.Release|Any CPU.Build.0 = Release|Any CPU
		{C0D80AAD-1AAB-439A-9E93-DDEE8E518E23}.Debug|Any CPU.ActiveCfg = Debug|Any CPU
		{C0D80AAD-1AAB-439A-9E93-DDEE8E518E23}.Debug|Any CPU.Build.0 = Debug|Any CPU
		{C0D80AAD-1AAB-439A-9E93-DDEE8E518E23}.Release|Any CPU.ActiveCfg = Release|Any CPU
		{C0D80AAD-1AAB-439A-9E93-DDEE8E518E23}.Release|Any CPU.Build.0 = Release|Any CPU
		{2A2E6658-9FCA-4765-BB51-F037F43A51E4}.Debug|Any CPU.ActiveCfg = Debug|Any CPU
		{2A2E6658-9FCA-4765-BB51-F037F43A51E4}.Debug|Any CPU.Build.0 = Debug|Any CPU
		{2A2E6658-9FCA-4765-BB51-F037F43A51E4}.Release|Any CPU.ActiveCfg = Release|Any CPU
		{2A2E6658-9FCA-4765-BB51-F037F43A51E4}.Release|Any CPU.Build.0 = Release|Any CPU
		{CE5ACA0F-3A37-4A16-BA0A-23BA08981FBD}.Debug|Any CPU.ActiveCfg = Debug|Any CPU
		{CE5ACA0F-3A37-4A16-BA0A-23BA08981FBD}.Debug|Any CPU.Build.0 = Debug|Any CPU
		{CE5ACA0F-3A37-4A16-BA0A-23BA08981FBD}.Release|Any CPU.ActiveCfg = Release|Any CPU
		{CE5ACA0F-3A37-4A16-BA0A-23BA08981FBD}.Release|Any CPU.Build.0 = Release|Any CPU
		{21B346A9-DB4A-4C8A-8603-F419775360CD}.Debug|Any CPU.ActiveCfg = Debug|Any CPU
		{21B346A9-DB4A-4C8A-8603-F419775360CD}.Debug|Any CPU.Build.0 = Debug|Any CPU
		{21B346A9-DB4A-4C8A-8603-F419775360CD}.Release|Any CPU.ActiveCfg = Release|Any CPU
		{21B346A9-DB4A-4C8A-8603-F419775360CD}.Release|Any CPU.Build.0 = Release|Any CPU
		{24D7C568-5DCB-4E25-845F-3CD95FDDBE07}.Debug|Any CPU.ActiveCfg = Debug|Any CPU
		{24D7C568-5DCB-4E25-845F-3CD95FDDBE07}.Debug|Any CPU.Build.0 = Debug|Any CPU
		{24D7C568-5DCB-4E25-845F-3CD95FDDBE07}.Release|Any CPU.ActiveCfg = Release|Any CPU
		{24D7C568-5DCB-4E25-845F-3CD95FDDBE07}.Release|Any CPU.Build.0 = Release|Any CPU
		{EB3F1BE6-7CD6-4E36-88EA-E55436FF58D2}.Debug|Any CPU.ActiveCfg = Debug|Any CPU
		{EB3F1BE6-7CD6-4E36-88EA-E55436FF58D2}.Debug|Any CPU.Build.0 = Debug|Any CPU
		{EB3F1BE6-7CD6-4E36-88EA-E55436FF58D2}.Release|Any CPU.ActiveCfg = Release|Any CPU
		{EB3F1BE6-7CD6-4E36-88EA-E55436FF58D2}.Release|Any CPU.Build.0 = Release|Any CPU
		{7359620A-79B4-43AC-A3F9-50B194BBC93B}.Debug|Any CPU.ActiveCfg = Debug|Any CPU
		{7359620A-79B4-43AC-A3F9-50B194BBC93B}.Debug|Any CPU.Build.0 = Debug|Any CPU
		{7359620A-79B4-43AC-A3F9-50B194BBC93B}.Release|Any CPU.ActiveCfg = Release|Any CPU
		{7359620A-79B4-43AC-A3F9-50B194BBC93B}.Release|Any CPU.Build.0 = Release|Any CPU
		{CDBC7943-5C65-4411-A5FD-E0B551B36C4A}.Debug|Any CPU.ActiveCfg = Debug|Any CPU
		{CDBC7943-5C65-4411-A5FD-E0B551B36C4A}.Debug|Any CPU.Build.0 = Debug|Any CPU
		{CDBC7943-5C65-4411-A5FD-E0B551B36C4A}.Release|Any CPU.ActiveCfg = Release|Any CPU
		{CDBC7943-5C65-4411-A5FD-E0B551B36C4A}.Release|Any CPU.Build.0 = Release|Any CPU
		{EA1C2F4B-C475-4B08-B0E4-9C7A1683E555}.Debug|Any CPU.ActiveCfg = Debug|Any CPU
		{EA1C2F4B-C475-4B08-B0E4-9C7A1683E555}.Debug|Any CPU.Build.0 = Debug|Any CPU
		{EA1C2F4B-C475-4B08-B0E4-9C7A1683E555}.Release|Any CPU.ActiveCfg = Release|Any CPU
		{EA1C2F4B-C475-4B08-B0E4-9C7A1683E555}.Release|Any CPU.Build.0 = Release|Any CPU
		{A4227FDF-3741-44A0-B410-B72B363364C7}.Debug|Any CPU.ActiveCfg = Debug|Any CPU
		{A4227FDF-3741-44A0-B410-B72B363364C7}.Debug|Any CPU.Build.0 = Debug|Any CPU
		{A4227FDF-3741-44A0-B410-B72B363364C7}.Release|Any CPU.ActiveCfg = Release|Any CPU
		{A4227FDF-3741-44A0-B410-B72B363364C7}.Release|Any CPU.Build.0 = Release|Any CPU
	EndGlobalSection
EndGlobal
